
Microsoft Visual Studio Solution File, Format Version 12.00
# Visual Studio Version 17
VisualStudioVersion = 17.0.31903.59
MinimumVisualStudioVersion = 10.0.40219.1
Project("{2150E333-8FDC-42A3-9474-1A3956D46DE8}") = "src", "src", "{827E0CD3-B72D-47B6-A68D-7590B98EB39B}"
EndProject
Project("{FAE04EC0-301F-11D3-BF4B-00C04F79EFBC}") = "TaskScheduler.API", "src\TaskScheduler.API\TaskScheduler.API.csproj", "{CFE788F1-9C17-48F4-AFEA-B117852973C1}"
EndProject
Project("{FAE04EC0-301F-11D3-BF4B-00C04F79EFBC}") = "TaskScheduler.Shared", "src\TaskScheduler.Shared\TaskScheduler.Shared.csproj", "{392DA637-8C5D-4F20-8DAF-14B2E9BB7501}"
EndProject
Project("{2150E333-8FDC-42A3-9474-1A3956D46DE8}") = "tests", "tests", "{0AB3BF05-4346-4AA6-1389-037BE0695223}"
EndProject
Project("{FAE04EC0-301F-11D3-BF4B-00C04F79EFBC}") = "TaskScheduler.Tests", "tests\TaskScheduler.Tests\TaskScheduler.Tests.csproj", "{D193EC37-F733-43A7-A763-FE0A375547D0}"
EndProject
Project("{FAE04EC0-301F-11D3-BF4B-00C04F79EFBC}") = "TaskScheduler.Functions", "src\TaskScheduler.Functions\TaskScheduler.Functions.csproj", "{B4F9E1E1-645C-F264-6D3C-36ECED44F640}"
EndProject
Global
	GlobalSection(SolutionConfigurationPlatforms) = preSolution
		Debug|Any CPU = Debug|Any CPU
		Debug|x64 = Debug|x64
		Debug|x86 = Debug|x86
		Release|Any CPU = Release|Any CPU
		Release|x64 = Release|x64
		Release|x86 = Release|x86
	EndGlobalSection
	GlobalSection(ProjectConfigurationPlatforms) = postSolution
		{CFE788F1-9C17-48F4-AFEA-B117852973C1}.Debug|Any CPU.ActiveCfg = Debug|Any CPU
		{CFE788F1-9C17-48F4-AFEA-B117852973C1}.Debug|Any CPU.Build.0 = Debug|Any CPU
		{CFE788F1-9C17-48F4-AFEA-B117852973C1}.Debug|x64.ActiveCfg = Debug|Any CPU
		{CFE788F1-9C17-48F4-AFEA-B117852973C1}.Debug|x64.Build.0 = Debug|Any CPU
		{CFE788F1-9C17-48F4-AFEA-B117852973C1}.Debug|x86.ActiveCfg = Debug|Any CPU
		{CFE788F1-9C17-48F4-AFEA-B117852973C1}.Debug|x86.Build.0 = Debug|Any CPU
		{CFE788F1-9C17-48F4-AFEA-B117852973C1}.Release|Any CPU.ActiveCfg = Release|Any CPU
		{CFE788F1-9C17-48F4-AFEA-B117852973C1}.Release|Any CPU.Build.0 = Release|Any CPU
		{CFE788F1-9C17-48F4-AFEA-B117852973C1}.Release|x64.ActiveCfg = Release|Any CPU
		{CFE788F1-9C17-48F4-AFEA-B117852973C1}.Release|x64.Build.0 = Release|Any CPU
		{CFE788F1-9C17-48F4-AFEA-B117852973C1}.Release|x86.ActiveCfg = Release|Any CPU
		{CFE788F1-9C17-48F4-AFEA-B117852973C1}.Release|x86.Build.0 = Release|Any CPU
		{392DA637-8C5D-4F20-8DAF-14B2E9BB7501}.Debug|Any CPU.ActiveCfg = Debug|Any CPU
		{392DA637-8C5D-4F20-8DAF-14B2E9BB7501}.Debug|Any CPU.Build.0 = Debug|Any CPU
		{392DA637-8C5D-4F20-8DAF-14B2E9BB7501}.Debug|x64.ActiveCfg = Debug|Any CPU
		{392DA637-8C5D-4F20-8DAF-14B2E9BB7501}.Debug|x64.Build.0 = Debug|Any CPU
		{392DA637-8C5D-4F20-8DAF-14B2E9BB7501}.Debug|x86.ActiveCfg = Debug|Any CPU
		{392DA637-8C5D-4F20-8DAF-14B2E9BB7501}.Debug|x86.Build.0 = Debug|Any CPU
		{392DA637-8C5D-4F20-8DAF-14B2E9BB7501}.Release|Any CPU.ActiveCfg = Release|Any CPU
		{392DA637-8C5D-4F20-8DAF-14B2E9BB7501}.Release|Any CPU.Build.0 = Release|Any CPU
		{392DA637-8C5D-4F20-8DAF-14B2E9BB7501}.Release|x64.ActiveCfg = Release|Any CPU
		{392DA637-8C5D-4F20-8DAF-14B2E9BB7501}.Release|x64.Build.0 = Release|Any CPU
		{392DA637-8C5D-4F20-8DAF-14B2E9BB7501}.Release|x86.ActiveCfg = Release|Any CPU
		{392DA637-8C5D-4F20-8DAF-14B2E9BB7501}.Release|x86.Build.0 = Release|Any CPU
		{D193EC37-F733-43A7-A763-FE0A375547D0}.Debug|Any CPU.ActiveCfg = Debug|Any CPU
		{D193EC37-F733-43A7-A763-FE0A375547D0}.Debug|Any CPU.Build.0 = Debug|Any CPU
		{D193EC37-F733-43A7-A763-FE0A375547D0}.Debug|x64.ActiveCfg = Debug|Any CPU
		{D193EC37-F733-43A7-A763-FE0A375547D0}.Debug|x64.Build.0 = Debug|Any CPU
		{D193EC37-F733-43A7-A763-FE0A375547D0}.Debug|x86.ActiveCfg = Debug|Any CPU
		{D193EC37-F733-43A7-A763-FE0A375547D0}.Debug|x86.Build.0 = Debug|Any CPU
		{D193EC37-F733-43A7-A763-FE0A375547D0}.Release|Any CPU.ActiveCfg = Release|Any CPU
		{D193EC37-F733-43A7-A763-FE0A375547D0}.Release|Any CPU.Build.0 = Release|Any CPU
		{D193EC37-F733-43A7-A763-FE0A375547D0}.Release|x64.ActiveCfg = Release|Any CPU
		{D193EC37-F733-43A7-A763-FE0A375547D0}.Release|x64.Build.0 = Release|Any CPU
		{D193EC37-F733-43A7-A763-FE0A375547D0}.Release|x86.ActiveCfg = Release|Any CPU
		{D193EC37-F733-43A7-A763-FE0A375547D0}.Release|x86.Build.0 = Release|Any CPU
		{B4F9E1E1-645C-F264-6D3C-36ECED44F640}.Debug|Any CPU.ActiveCfg = Debug|Any CPU
		{B4F9E1E1-645C-F264-6D3C-36ECED44F640}.Debug|Any CPU.Build.0 = Debug|Any CPU
		{B4F9E1E1-645C-F264-6D3C-36ECED44F640}.Debug|x64.ActiveCfg = Debug|Any CPU
		{B4F9E1E1-645C-F264-6D3C-36ECED44F640}.Debug|x64.Build.0 = Debug|Any CPU
		{B4F9E1E1-645C-F264-6D3C-36ECED44F640}.Debug|x86.ActiveCfg = Debug|Any CPU
		{B4F9E1E1-645C-F264-6D3C-36ECED44F640}.Debug|x86.Build.0 = Debug|Any CPU
		{B4F9E1E1-645C-F264-6D3C-36ECED44F640}.Release|Any CPU.ActiveCfg = Release|Any CPU
		{B4F9E1E1-645C-F264-6D3C-36ECED44F640}.Release|Any CPU.Build.0 = Release|Any CPU
		{B4F9E1E1-645C-F264-6D3C-36ECED44F640}.Release|x64.ActiveCfg = Release|Any CPU
		{B4F9E1E1-645C-F264-6D3C-36ECED44F640}.Release|x64.Build.0 = Release|Any CPU
		{B4F9E1E1-645C-F264-6D3C-36ECED44F640}.Release|x86.ActiveCfg = Release|Any CPU
		{B4F9E1E1-645C-F264-6D3C-36ECED44F640}.Release|x86.Build.0 = Release|Any CPU
	EndGlobalSection
	GlobalSection(SolutionProperties) = preSolution
		HideSolutionNode = FALSE
	EndGlobalSection
	GlobalSection(NestedProjects) = preSolution
		{CFE788F1-9C17-48F4-AFEA-B117852973C1} = {827E0CD3-B72D-47B6-A68D-7590B98EB39B}
		{392DA637-8C5D-4F20-8DAF-14B2E9BB7501} = {827E0CD3-B72D-47B6-A68D-7590B98EB39B}
		{D193EC37-F733-43A7-A763-FE0A375547D0} = {0AB3BF05-4346-4AA6-1389-037BE0695223}
		{B4F9E1E1-645C-F264-6D3C-36ECED44F640} = {827E0CD3-B72D-47B6-A68D-7590B98EB39B}
	EndGlobalSection
	GlobalSection(ExtensibilityGlobals) = postSolution
		SolutionGuid = {3DA90B9A-0B75-423E-B870-9729F613CBDC}
	EndGlobalSection
EndGlobal
